
Microsoft Visual Studio Solution File, Format Version 12.00
# Visual Studio Version 17
VisualStudioVersion = 17.11.35327.3
MinimumVisualStudioVersion = 10.0.40219.1
Project("{9A19103F-16F7-4668-BE54-9A1E7A4F7556}") = "OOPprinciples", "OOPprinciples\OOPprinciples.csproj", "{7DFC80E5-CD6C-4639-83B3-06AE5549C361}"
EndProject
Project("{FAE04EC0-301F-11D3-BF4B-00C04F79EFBC}") = "SOLIDprinciples", "SOLIDprinciples\SOLIDprinciples.csproj", "{860C8271-1F01-477C-A99F-09C047AB340B}"
EndProject
Global
	GlobalSection(SolutionConfigurationPlatforms) = preSolution
		Debug|Any CPU = Debug|Any CPU
		Release|Any CPU = Release|Any CPU
	EndGlobalSection
	GlobalSection(ProjectConfigurationPlatforms) = postSolution
		{7DFC80E5-CD6C-4639-83B3-06AE5549C361}.Debug|Any CPU.ActiveCfg = Debug|Any CPU
		{7DFC80E5-CD6C-4639-83B3-06AE5549C361}.Debug|Any CPU.Build.0 = Debug|Any CPU
		{7DFC80E5-CD6C-4639-83B3-06AE5549C361}.Release|Any CPU.ActiveCfg = Release|Any CPU
		{7DFC80E5-CD6C-4639-83B3-06AE5549C361}.Release|Any CPU.Build.0 = Release|Any CPU
		{860C8271-1F01-477C-A99F-09C047AB340B}.Debug|Any CPU.ActiveCfg = Debug|Any CPU
		{860C8271-1F01-477C-A99F-09C047AB340B}.Debug|Any CPU.Build.0 = Debug|Any CPU
		{860C8271-1F01-477C-A99F-09C047AB340B}.Release|Any CPU.ActiveCfg = Release|Any CPU
		{860C8271-1F01-477C-A99F-09C047AB340B}.Release|Any CPU.Build.0 = Release|Any CPU
	EndGlobalSection
	GlobalSection(SolutionProperties) = preSolution
		HideSolutionNode = FALSE
	EndGlobalSection
	GlobalSection(ExtensibilityGlobals) = postSolution
		SolutionGuid = {C4B6B3CA-A413-4BE2-A981-0BA1E334336D}
	EndGlobalSection
EndGlobal
